
Microsoft Visual Studio Solution File, Format Version 12.00
# Visual Studio Version 16
VisualStudioVersion = 16.0.30320.27
MinimumVisualStudioVersion = 10.0.40219.1
Project("{FAE04EC0-301F-11D3-BF4B-00C04F79EFBC}") = "Task 1", "Task 1\Task 1.csproj", "{C62783E8-D166-4720-AF87-5D13DFFD8F7E}"
EndProject
Global
	GlobalSection(SolutionConfigurationPlatforms) = preSolution
		Debug|Any CPU = Debug|Any CPU
		Release|Any CPU = Release|Any CPU
	EndGlobalSection
	GlobalSection(ProjectConfigurationPlatforms) = postSolution
		{C62783E8-D166-4720-AF87-5D13DFFD8F7E}.Debug|Any CPU.ActiveCfg = Debug|Any CPU
		{C62783E8-D166-4720-AF87-5D13DFFD8F7E}.Debug|Any CPU.Build.0 = Debug|Any CPU
		{C62783E8-D166-4720-AF87-5D13DFFD8F7E}.Release|Any CPU.ActiveCfg = Release|Any CPU
		{C62783E8-D166-4720-AF87-5D13DFFD8F7E}.Release|Any CPU.Build.0 = Release|Any CPU
	EndGlobalSection
	GlobalSection(SolutionProperties) = preSolution
		HideSolutionNode = FALSE
	EndGlobalSection
	GlobalSection(ExtensibilityGlobals) = postSolution
		SolutionGuid = {7010698E-66EC-476F-B187-C90955C38A09}
	EndGlobalSection
EndGlobal
